
Microsoft Visual Studio Solution File, Format Version 12.00
# Visual Studio Version 17
VisualStudioVersion = 17.10.35122.118
MinimumVisualStudioVersion = 10.0.40219.1
Project("{9A19103F-16F7-4668-BE54-9A1E7A4F7556}") = "Example01", "Example01\Example01.csproj", "{52A54E0A-4FFF-4BAF-BC7F-8C3C128A189F}"
EndProject
Project("{9A19103F-16F7-4668-BE54-9A1E7A4F7556}") = "Example02", "Example02\Example02.csproj", "{96DBA00F-11ED-4BC6-83F1-E817CF9F26F4}"
EndProject
Project("{FAE04EC0-301F-11D3-BF4B-00C04F79EFBC}") = "Example03", "Example03\Example03.csproj", "{C4FC0D4A-36CE-4E24-B792-C6A03EE24CA0}"
EndProject
Project("{FAE04EC0-301F-11D3-BF4B-00C04F79EFBC}") = "Example03A", "Example03A\Example03A.csproj", "{82A9232F-2DEF-408A-AB76-043282565815}"
EndProject
Project("{FAE04EC0-301F-11D3-BF4B-00C04F79EFBC}") = "Example04", "Example04\Example04.csproj", "{15DBC66E-EDDC-481B-A6BD-D0D0EE1DDFDF}"
EndProject
Project("{FAE04EC0-301F-11D3-BF4B-00C04F79EFBC}") = "Example05", "Example05\Example05.csproj", "{5938F00F-EC35-4DC6-9318-E45C28B0B94B}"
EndProject
Project("{FAE04EC0-301F-11D3-BF4B-00C04F79EFBC}") = "Example06", "Example06\Example06.csproj", "{F595F03C-A492-47B5-A4F3-3ECA9A74FA66}"
EndProject
Project("{FAE04EC0-301F-11D3-BF4B-00C04F79EFBC}") = "Example07", "Example07\Example07.csproj", "{6A80BB59-6DD7-43A6-9BBF-789C6F67F60C}"
EndProject
Project("{FAE04EC0-301F-11D3-BF4B-00C04F79EFBC}") = "Example08", "Example08\Example08.csproj", "{22239D67-B0CE-4501-9E4E-991B5F4D9D8A}"
EndProject
Global
	GlobalSection(SolutionConfigurationPlatforms) = preSolution
		Debug|Any CPU = Debug|Any CPU
		Release|Any CPU = Release|Any CPU
	EndGlobalSection
	GlobalSection(ProjectConfigurationPlatforms) = postSolution
		{52A54E0A-4FFF-4BAF-BC7F-8C3C128A189F}.Debug|Any CPU.ActiveCfg = Debug|Any CPU
		{52A54E0A-4FFF-4BAF-BC7F-8C3C128A189F}.Debug|Any CPU.Build.0 = Debug|Any CPU
		{52A54E0A-4FFF-4BAF-BC7F-8C3C128A189F}.Release|Any CPU.ActiveCfg = Release|Any CPU
		{52A54E0A-4FFF-4BAF-BC7F-8C3C128A189F}.Release|Any CPU.Build.0 = Release|Any CPU
		{96DBA00F-11ED-4BC6-83F1-E817CF9F26F4}.Debug|Any CPU.ActiveCfg = Debug|Any CPU
		{96DBA00F-11ED-4BC6-83F1-E817CF9F26F4}.Debug|Any CPU.Build.0 = Debug|Any CPU
		{96DBA00F-11ED-4BC6-83F1-E817CF9F26F4}.Release|Any CPU.ActiveCfg = Release|Any CPU
		{96DBA00F-11ED-4BC6-83F1-E817CF9F26F4}.Release|Any CPU.Build.0 = Release|Any CPU
		{C4FC0D4A-36CE-4E24-B792-C6A03EE24CA0}.Debug|Any CPU.ActiveCfg = Debug|Any CPU
		{C4FC0D4A-36CE-4E24-B792-C6A03EE24CA0}.Debug|Any CPU.Build.0 = Debug|Any CPU
		{C4FC0D4A-36CE-4E24-B792-C6A03EE24CA0}.Release|Any CPU.ActiveCfg = Release|Any CPU
		{C4FC0D4A-36CE-4E24-B792-C6A03EE24CA0}.Release|Any CPU.Build.0 = Release|Any CPU
		{82A9232F-2DEF-408A-AB76-043282565815}.Debug|Any CPU.ActiveCfg = Debug|Any CPU
		{82A9232F-2DEF-408A-AB76-043282565815}.Debug|Any CPU.Build.0 = Debug|Any CPU
		{82A9232F-2DEF-408A-AB76-043282565815}.Release|Any CPU.ActiveCfg = Release|Any CPU
		{82A9232F-2DEF-408A-AB76-043282565815}.Release|Any CPU.Build.0 = Release|Any CPU
		{15DBC66E-EDDC-481B-A6BD-D0D0EE1DDFDF}.Debug|Any CPU.ActiveCfg = Debug|Any CPU
		{15DBC66E-EDDC-481B-A6BD-D0D0EE1DDFDF}.Debug|Any CPU.Build.0 = Debug|Any CPU
		{15DBC66E-EDDC-481B-A6BD-D0D0EE1DDFDF}.Release|Any CPU.ActiveCfg = Release|Any CPU
		{15DBC66E-EDDC-481B-A6BD-D0D0EE1DDFDF}.Release|Any CPU.Build.0 = Release|Any CPU
		{5938F00F-EC35-4DC6-9318-E45C28B0B94B}.Debug|Any CPU.ActiveCfg = Debug|Any CPU
		{5938F00F-EC35-4DC6-9318-E45C28B0B94B}.Debug|Any CPU.Build.0 = Debug|Any CPU
		{5938F00F-EC35-4DC6-9318-E45C28B0B94B}.Release|Any CPU.ActiveCfg = Release|Any CPU
		{5938F00F-EC35-4DC6-9318-E45C28B0B94B}.Release|Any CPU.Build.0 = Release|Any CPU
		{F595F03C-A492-47B5-A4F3-3ECA9A74FA66}.Debug|Any CPU.ActiveCfg = Debug|Any CPU
		{F595F03C-A492-47B5-A4F3-3ECA9A74FA66}.Debug|Any CPU.Build.0 = Debug|Any CPU
		{F595F03C-A492-47B5-A4F3-3ECA9A74FA66}.Release|Any CPU.ActiveCfg = Release|Any CPU
		{F595F03C-A492-47B5-A4F3-3ECA9A74FA66}.Release|Any CPU.Build.0 = Release|Any CPU
		{6A80BB59-6DD7-43A6-9BBF-789C6F67F60C}.Debug|Any CPU.ActiveCfg = Debug|Any CPU
		{6A80BB59-6DD7-43A6-9BBF-789C6F67F60C}.Debug|Any CPU.Build.0 = Debug|Any CPU
		{6A80BB59-6DD7-43A6-9BBF-789C6F67F60C}.Release|Any CPU.ActiveCfg = Release|Any CPU
		{6A80BB59-6DD7-43A6-9BBF-789C6F67F60C}.Release|Any CPU.Build.0 = Release|Any CPU
		{22239D67-B0CE-4501-9E4E-991B5F4D9D8A}.Debug|Any CPU.ActiveCfg = Debug|Any CPU
		{22239D67-B0CE-4501-9E4E-991B5F4D9D8A}.Debug|Any CPU.Build.0 = Debug|Any CPU
		{22239D67-B0CE-4501-9E4E-991B5F4D9D8A}.Release|Any CPU.ActiveCfg = Release|Any CPU
		{22239D67-B0CE-4501-9E4E-991B5F4D9D8A}.Release|Any CPU.Build.0 = Release|Any CPU
	EndGlobalSection
	GlobalSection(SolutionProperties) = preSolution
		HideSolutionNode = FALSE
	EndGlobalSection
	GlobalSection(ExtensibilityGlobals) = postSolution
		SolutionGuid = {6ADDBE32-F8C2-4B80-BCD6-42B68ADAF52E}
	EndGlobalSection
EndGlobal
